
Microsoft Visual Studio Solution File, Format Version 12.00
# Visual Studio Version 16
VisualStudioVersion = 16.0.31729.503
MinimumVisualStudioVersion = 10.0.40219.1
Project("{FAE04EC0-301F-11D3-BF4B-00C04F79EFBC}") = "01_LINQ", "01_LINQ\01_LINQ.csproj", "{172D6D89-73B2-495C-A767-9151473BDB87}"
EndProject
Project("{FAE04EC0-301F-11D3-BF4B-00C04F79EFBC}") = "02_LINQ", "02_LINQ\02_LINQ.csproj", "{76CFE669-192C-4D2D-80B4-47C95E5E8309}"
EndProject
Project("{FAE04EC0-301F-11D3-BF4B-00C04F79EFBC}") = "03_LINQ", "03_LINQ\03_LINQ.csproj", "{B74B73C7-1831-4C7C-A821-CF0E9BD8CAC9}"
EndProject
Project("{FAE04EC0-301F-11D3-BF4B-00C04F79EFBC}") = "04_LINQ", "04_LINQ\04_LINQ.csproj", "{C54930E5-3025-44D3-9360-F938FB9E21B3}"
EndProject
Project("{FAE04EC0-301F-11D3-BF4B-00C04F79EFBC}") = "05_LINQ", "05_LINQ\05_LINQ.csproj", "{D695F8A8-B82B-4E9E-ADA3-6799CBC24D27}"
EndProject
Project("{FAE04EC0-301F-11D3-BF4B-00C04F79EFBC}") = "06_LINQ", "06_LINQ\06_LINQ.csproj", "{EB574532-D5C6-4970-B881-406BC07D7E78}"
EndProject
Project("{FAE04EC0-301F-11D3-BF4B-00C04F79EFBC}") = "07_LINQ", "07_LINQ\07_LINQ.csproj", "{1426B64B-B7A5-4591-A1B8-91BFFB7D794C}"
EndProject
Project("{FAE04EC0-301F-11D3-BF4B-00C04F79EFBC}") = "08_LINQ", "08_LINQ\08_LINQ.csproj", "{3468BE66-DB3C-45F7-A3A0-A60FD96455C7}"
EndProject
Project("{FAE04EC0-301F-11D3-BF4B-00C04F79EFBC}") = "09_LINQ", "09_LINQ\09_LINQ.csproj", "{A4010A1E-3B99-42D2-9CFC-7D01AFB94F96}"
EndProject
Project("{FAE04EC0-301F-11D3-BF4B-00C04F79EFBC}") = "10_LINQ", "10_LINQ\10_LINQ.csproj", "{7AC4A6BF-0B5C-4690-9AB2-5128E67A4D50}"
EndProject
Project("{FAE04EC0-301F-11D3-BF4B-00C04F79EFBC}") = "11_LINQ", "11_LINQ\11_LINQ.csproj", "{B763EBB4-302B-4FFA-B167-9CEF6E459190}"
EndProject
Project("{FAE04EC0-301F-11D3-BF4B-00C04F79EFBC}") = "12_LINQ", "12_LINQ\12_LINQ.csproj", "{9D0FEF30-9FAE-46DD-8E9F-935287942FAA}"
EndProject
Project("{FAE04EC0-301F-11D3-BF4B-00C04F79EFBC}") = "13_LINQ", "13_LINQ\13_LINQ.csproj", "{19630733-9A84-424D-808F-74EC0A05FFD4}"
EndProject
Project("{FAE04EC0-301F-11D3-BF4B-00C04F79EFBC}") = "14_LINQ", "14_LINQ\14_LINQ.csproj", "{391A49DB-F45E-4415-B850-762AD466A2E1}"
EndProject
Project("{FAE04EC0-301F-11D3-BF4B-00C04F79EFBC}") = "15_LINQ", "15_LINQ\15_LINQ.csproj", "{AEFF99FA-22F0-4535-A602-654608FAAEFB}"
EndProject
Global
	GlobalSection(SolutionConfigurationPlatforms) = preSolution
		Debug|Any CPU = Debug|Any CPU
		Release|Any CPU = Release|Any CPU
	EndGlobalSection
	GlobalSection(ProjectConfigurationPlatforms) = postSolution
		{172D6D89-73B2-495C-A767-9151473BDB87}.Debug|Any CPU.ActiveCfg = Debug|Any CPU
		{172D6D89-73B2-495C-A767-9151473BDB87}.Debug|Any CPU.Build.0 = Debug|Any CPU
		{172D6D89-73B2-495C-A767-9151473BDB87}.Release|Any CPU.ActiveCfg = Release|Any CPU
		{172D6D89-73B2-495C-A767-9151473BDB87}.Release|Any CPU.Build.0 = Release|Any CPU
		{76CFE669-192C-4D2D-80B4-47C95E5E8309}.Debug|Any CPU.ActiveCfg = Debug|Any CPU
		{76CFE669-192C-4D2D-80B4-47C95E5E8309}.Debug|Any CPU.Build.0 = Debug|Any CPU
		{76CFE669-192C-4D2D-80B4-47C95E5E8309}.Release|Any CPU.ActiveCfg = Release|Any CPU
		{76CFE669-192C-4D2D-80B4-47C95E5E8309}.Release|Any CPU.Build.0 = Release|Any CPU
		{B74B73C7-1831-4C7C-A821-CF0E9BD8CAC9}.Debug|Any CPU.ActiveCfg = Debug|Any CPU
		{B74B73C7-1831-4C7C-A821-CF0E9BD8CAC9}.Debug|Any CPU.Build.0 = Debug|Any CPU
		{B74B73C7-1831-4C7C-A821-CF0E9BD8CAC9}.Release|Any CPU.ActiveCfg = Release|Any CPU
		{B74B73C7-1831-4C7C-A821-CF0E9BD8CAC9}.Release|Any CPU.Build.0 = Release|Any CPU
		{C54930E5-3025-44D3-9360-F938FB9E21B3}.Debug|Any CPU.ActiveCfg = Debug|Any CPU
		{C54930E5-3025-44D3-9360-F938FB9E21B3}.Debug|Any CPU.Build.0 = Debug|Any CPU
		{C54930E5-3025-44D3-9360-F938FB9E21B3}.Release|Any CPU.ActiveCfg = Release|Any CPU
		{C54930E5-3025-44D3-9360-F938FB9E21B3}.Release|Any CPU.Build.0 = Release|Any CPU
		{D695F8A8-B82B-4E9E-ADA3-6799CBC24D27}.Debug|Any CPU.ActiveCfg = Debug|Any CPU
		{D695F8A8-B82B-4E9E-ADA3-6799CBC24D27}.Debug|Any CPU.Build.0 = Debug|Any CPU
		{D695F8A8-B82B-4E9E-ADA3-6799CBC24D27}.Release|Any CPU.ActiveCfg = Release|Any CPU
		{D695F8A8-B82B-4E9E-ADA3-6799CBC24D27}.Release|Any CPU.Build.0 = Release|Any CPU
		{EB574532-D5C6-4970-B881-406BC07D7E78}.Debug|Any CPU.ActiveCfg = Debug|Any CPU
		{EB574532-D5C6-4970-B881-406BC07D7E78}.Debug|Any CPU.Build.0 = Debug|Any CPU
		{EB574532-D5C6-4970-B881-406BC07D7E78}.Release|Any CPU.ActiveCfg = Release|Any CPU
		{EB574532-D5C6-4970-B881-406BC07D7E78}.Release|Any CPU.Build.0 = Release|Any CPU
		{1426B64B-B7A5-4591-A1B8-91BFFB7D794C}.Debug|Any CPU.ActiveCfg = Debug|Any CPU
		{1426B64B-B7A5-4591-A1B8-91BFFB7D794C}.Debug|Any CPU.Build.0 = Debug|Any CPU
		{1426B64B-B7A5-4591-A1B8-91BFFB7D794C}.Release|Any CPU.ActiveCfg = Release|Any CPU
		{1426B64B-B7A5-4591-A1B8-91BFFB7D794C}.Release|Any CPU.Build.0 = Release|Any CPU
		{3468BE66-DB3C-45F7-A3A0-A60FD96455C7}.Debug|Any CPU.ActiveCfg = Debug|Any CPU
		{3468BE66-DB3C-45F7-A3A0-A60FD96455C7}.Debug|Any CPU.Build.0 = Debug|Any CPU
		{3468BE66-DB3C-45F7-A3A0-A60FD96455C7}.Release|Any CPU.ActiveCfg = Release|Any CPU
		{3468BE66-DB3C-45F7-A3A0-A60FD96455C7}.Release|Any CPU.Build.0 = Release|Any CPU
		{A4010A1E-3B99-42D2-9CFC-7D01AFB94F96}.Debug|Any CPU.ActiveCfg = Debug|Any CPU
		{A4010A1E-3B99-42D2-9CFC-7D01AFB94F96}.Debug|Any CPU.Build.0 = Debug|Any CPU
		{A4010A1E-3B99-42D2-9CFC-7D01AFB94F96}.Release|Any CPU.ActiveCfg = Release|Any CPU
		{A4010A1E-3B99-42D2-9CFC-7D01AFB94F96}.Release|Any CPU.Build.0 = Release|Any CPU
		{7AC4A6BF-0B5C-4690-9AB2-5128E67A4D50}.Debug|Any CPU.ActiveCfg = Debug|Any CPU
		{7AC4A6BF-0B5C-4690-9AB2-5128E67A4D50}.Debug|Any CPU.Build.0 = Debug|Any CPU
		{7AC4A6BF-0B5C-4690-9AB2-5128E67A4D50}.Release|Any CPU.ActiveCfg = Release|Any CPU
		{7AC4A6BF-0B5C-4690-9AB2-5128E67A4D50}.Release|Any CPU.Build.0 = Release|Any CPU
		{B763EBB4-302B-4FFA-B167-9CEF6E459190}.Debug|Any CPU.ActiveCfg = Debug|Any CPU
		{B763EBB4-302B-4FFA-B167-9CEF6E459190}.Debug|Any CPU.Build.0 = Debug|Any CPU
		{B763EBB4-302B-4FFA-B167-9CEF6E459190}.Release|Any CPU.ActiveCfg = Release|Any CPU
		{B763EBB4-302B-4FFA-B167-9CEF6E459190}.Release|Any CPU.Build.0 = Release|Any CPU
		{9D0FEF30-9FAE-46DD-8E9F-935287942FAA}.Debug|Any CPU.ActiveCfg = Debug|Any CPU
		{9D0FEF30-9FAE-46DD-8E9F-935287942FAA}.Debug|Any CPU.Build.0 = Debug|Any CPU
		{9D0FEF30-9FAE-46DD-8E9F-935287942FAA}.Release|Any CPU.ActiveCfg = Release|Any CPU
		{9D0FEF30-9FAE-46DD-8E9F-935287942FAA}.Release|Any CPU.Build.0 = Release|Any CPU
		{19630733-9A84-424D-808F-74EC0A05FFD4}.Debug|Any CPU.ActiveCfg = Debug|Any CPU
		{19630733-9A84-424D-808F-74EC0A05FFD4}.Debug|Any CPU.Build.0 = Debug|Any CPU
		{19630733-9A84-424D-808F-74EC0A05FFD4}.Release|Any CPU.ActiveCfg = Release|Any CPU
		{19630733-9A84-424D-808F-74EC0A05FFD4}.Release|Any CPU.Build.0 = Release|Any CPU
		{391A49DB-F45E-4415-B850-762AD466A2E1}.Debug|Any CPU.ActiveCfg = Debug|Any CPU
		{391A49DB-F45E-4415-B850-762AD466A2E1}.Debug|Any CPU.Build.0 = Debug|Any CPU
		{391A49DB-F45E-4415-B850-762AD466A2E1}.Release|Any CPU.ActiveCfg = Release|Any CPU
		{391A49DB-F45E-4415-B850-762AD466A2E1}.Release|Any CPU.Build.0 = Release|Any CPU
		{AEFF99FA-22F0-4535-A602-654608FAAEFB}.Debug|Any CPU.ActiveCfg = Debug|Any CPU
		{AEFF99FA-22F0-4535-A602-654608FAAEFB}.Debug|Any CPU.Build.0 = Debug|Any CPU
		{AEFF99FA-22F0-4535-A602-654608FAAEFB}.Release|Any CPU.ActiveCfg = Release|Any CPU
		{AEFF99FA-22F0-4535-A602-654608FAAEFB}.Release|Any CPU.Build.0 = Release|Any CPU
	EndGlobalSection
	GlobalSection(SolutionProperties) = preSolution
		HideSolutionNode = FALSE
	EndGlobalSection
	GlobalSection(ExtensibilityGlobals) = postSolution
		SolutionGuid = {3A283445-DD1C-4F30-B051-BF42EA602AAE}
	EndGlobalSection
EndGlobal
