
Microsoft Visual Studio Solution File, Format Version 12.00
# Visual Studio Version 16
VisualStudioVersion = 16.0.31729.503
MinimumVisualStudioVersion = 10.0.40219.1
Project("{FAE04EC0-301F-11D3-BF4B-00C04F79EFBC}") = "01_Extension", "01_Extension\01_Extension.csproj", "{8CBCDE87-453D-4CA4-9315-AE80A9735D38}"
EndProject
Project("{FAE04EC0-301F-11D3-BF4B-00C04F79EFBC}") = "02_Extension", "02_Extension\02_Extension.csproj", "{F2EE637F-1323-443F-A588-6A2815DEC6B7}"
EndProject
Project("{FAE04EC0-301F-11D3-BF4B-00C04F79EFBC}") = "03_Extension", "03_Extension\03_Extension.csproj", "{38C4CD7F-6D33-473E-9F08-D0D5A73A9C72}"
EndProject
Project("{FAE04EC0-301F-11D3-BF4B-00C04F79EFBC}") = "04_Extension", "04_Extension\04_Extension.csproj", "{53BF2B89-ED9A-421B-9297-738E554F023B}"
EndProject
Project("{FAE04EC0-301F-11D3-BF4B-00C04F79EFBC}") = "05_Extension", "05_Extension\05_Extension.csproj", "{86A7E748-2AA7-4AF5-BC04-D4D7711A6D90}"
EndProject
Global
	GlobalSection(SolutionConfigurationPlatforms) = preSolution
		Debug|Any CPU = Debug|Any CPU
		Release|Any CPU = Release|Any CPU
	EndGlobalSection
	GlobalSection(ProjectConfigurationPlatforms) = postSolution
		{8CBCDE87-453D-4CA4-9315-AE80A9735D38}.Debug|Any CPU.ActiveCfg = Debug|Any CPU
		{8CBCDE87-453D-4CA4-9315-AE80A9735D38}.Debug|Any CPU.Build.0 = Debug|Any CPU
		{8CBCDE87-453D-4CA4-9315-AE80A9735D38}.Release|Any CPU.ActiveCfg = Release|Any CPU
		{8CBCDE87-453D-4CA4-9315-AE80A9735D38}.Release|Any CPU.Build.0 = Release|Any CPU
		{F2EE637F-1323-443F-A588-6A2815DEC6B7}.Debug|Any CPU.ActiveCfg = Debug|Any CPU
		{F2EE637F-1323-443F-A588-6A2815DEC6B7}.Debug|Any CPU.Build.0 = Debug|Any CPU
		{F2EE637F-1323-443F-A588-6A2815DEC6B7}.Release|Any CPU.ActiveCfg = Release|Any CPU
		{F2EE637F-1323-443F-A588-6A2815DEC6B7}.Release|Any CPU.Build.0 = Release|Any CPU
		{38C4CD7F-6D33-473E-9F08-D0D5A73A9C72}.Debug|Any CPU.ActiveCfg = Debug|Any CPU
		{38C4CD7F-6D33-473E-9F08-D0D5A73A9C72}.Debug|Any CPU.Build.0 = Debug|Any CPU
		{38C4CD7F-6D33-473E-9F08-D0D5A73A9C72}.Release|Any CPU.ActiveCfg = Release|Any CPU
		{38C4CD7F-6D33-473E-9F08-D0D5A73A9C72}.Release|Any CPU.Build.0 = Release|Any CPU
		{53BF2B89-ED9A-421B-9297-738E554F023B}.Debug|Any CPU.ActiveCfg = Debug|Any CPU
		{53BF2B89-ED9A-421B-9297-738E554F023B}.Debug|Any CPU.Build.0 = Debug|Any CPU
		{53BF2B89-ED9A-421B-9297-738E554F023B}.Release|Any CPU.ActiveCfg = Release|Any CPU
		{53BF2B89-ED9A-421B-9297-738E554F023B}.Release|Any CPU.Build.0 = Release|Any CPU
		{86A7E748-2AA7-4AF5-BC04-D4D7711A6D90}.Debug|Any CPU.ActiveCfg = Debug|Any CPU
		{86A7E748-2AA7-4AF5-BC04-D4D7711A6D90}.Debug|Any CPU.Build.0 = Debug|Any CPU
		{86A7E748-2AA7-4AF5-BC04-D4D7711A6D90}.Release|Any CPU.ActiveCfg = Release|Any CPU
		{86A7E748-2AA7-4AF5-BC04-D4D7711A6D90}.Release|Any CPU.Build.0 = Release|Any CPU
	EndGlobalSection
	GlobalSection(SolutionProperties) = preSolution
		HideSolutionNode = FALSE
	EndGlobalSection
	GlobalSection(ExtensibilityGlobals) = postSolution
		SolutionGuid = {DB2D9905-299F-45D1-9D8C-59B18E3819EB}
	EndGlobalSection
EndGlobal
