
Microsoft Visual Studio Solution File, Format Version 12.00
# Visual Studio Version 16
VisualStudioVersion = 16.0.31729.503
MinimumVisualStudioVersion = 10.0.40219.1
Project("{FAE04EC0-301F-11D3-BF4B-00C04F79EFBC}") = "01_Static", "01_Static\01_Static.csproj", "{8EF2F056-349C-4DF1-AF17-434A6D0154C8}"
EndProject
Project("{FAE04EC0-301F-11D3-BF4B-00C04F79EFBC}") = "02_Constant", "02_Constant\02_Constant.csproj", "{C597FB94-017F-4B39-83B8-D99E36786709}"
EndProject
Project("{FAE04EC0-301F-11D3-BF4B-00C04F79EFBC}") = "03_Static", "03_Static\03_Static.csproj", "{33890A5A-8D0C-4CD2-9B3A-6DFD5EC41900}"
EndProject
Global
	GlobalSection(SolutionConfigurationPlatforms) = preSolution
		Debug|Any CPU = Debug|Any CPU
		Release|Any CPU = Release|Any CPU
	EndGlobalSection
	GlobalSection(ProjectConfigurationPlatforms) = postSolution
		{8EF2F056-349C-4DF1-AF17-434A6D0154C8}.Debug|Any CPU.ActiveCfg = Debug|Any CPU
		{8EF2F056-349C-4DF1-AF17-434A6D0154C8}.Debug|Any CPU.Build.0 = Debug|Any CPU
		{8EF2F056-349C-4DF1-AF17-434A6D0154C8}.Release|Any CPU.ActiveCfg = Release|Any CPU
		{8EF2F056-349C-4DF1-AF17-434A6D0154C8}.Release|Any CPU.Build.0 = Release|Any CPU
		{C597FB94-017F-4B39-83B8-D99E36786709}.Debug|Any CPU.ActiveCfg = Debug|Any CPU
		{C597FB94-017F-4B39-83B8-D99E36786709}.Debug|Any CPU.Build.0 = Debug|Any CPU
		{C597FB94-017F-4B39-83B8-D99E36786709}.Release|Any CPU.ActiveCfg = Release|Any CPU
		{C597FB94-017F-4B39-83B8-D99E36786709}.Release|Any CPU.Build.0 = Release|Any CPU
		{33890A5A-8D0C-4CD2-9B3A-6DFD5EC41900}.Debug|Any CPU.ActiveCfg = Debug|Any CPU
		{33890A5A-8D0C-4CD2-9B3A-6DFD5EC41900}.Debug|Any CPU.Build.0 = Debug|Any CPU
		{33890A5A-8D0C-4CD2-9B3A-6DFD5EC41900}.Release|Any CPU.ActiveCfg = Release|Any CPU
		{33890A5A-8D0C-4CD2-9B3A-6DFD5EC41900}.Release|Any CPU.Build.0 = Release|Any CPU
	EndGlobalSection
	GlobalSection(SolutionProperties) = preSolution
		HideSolutionNode = FALSE
	EndGlobalSection
	GlobalSection(ExtensibilityGlobals) = postSolution
		SolutionGuid = {112E78FA-5727-4519-9D0C-A5BC6704A407}
	EndGlobalSection
EndGlobal
