
Microsoft Visual Studio Solution File, Format Version 12.00
# Visual Studio Version 16
VisualStudioVersion = 16.0.31729.503
MinimumVisualStudioVersion = 10.0.40219.1
Project("{FAE04EC0-301F-11D3-BF4B-00C04F79EFBC}") = "01_Anonymous", "01_Anonymous\01_Anonymous.csproj", "{A9732BA2-AF38-4424-92F8-1B8ED4A23D36}"
EndProject
Project("{FAE04EC0-301F-11D3-BF4B-00C04F79EFBC}") = "02_Anonymous", "02_Anonymous\02_Anonymous.csproj", "{30C0E8F0-3D61-4EDC-8C2C-64CAA0BBAFEF}"
EndProject
Project("{FAE04EC0-301F-11D3-BF4B-00C04F79EFBC}") = "03_Anonymous", "03_Anonymous\03_Anonymous.csproj", "{6830C976-60B9-4641-AC98-4779C581DCE6}"
EndProject
Project("{FAE04EC0-301F-11D3-BF4B-00C04F79EFBC}") = "04_Anonymous", "04_Anonymous\04_Anonymous.csproj", "{C46D4F23-90C8-41B4-87FB-3276E66B0F3B}"
EndProject
Project("{FAE04EC0-301F-11D3-BF4B-00C04F79EFBC}") = "05_Anonymous", "05_Anonymous\05_Anonymous.csproj", "{875743CC-DA93-4140-985C-095DA7CCFF81}"
EndProject
Global
	GlobalSection(SolutionConfigurationPlatforms) = preSolution
		Debug|Any CPU = Debug|Any CPU
		Release|Any CPU = Release|Any CPU
	EndGlobalSection
	GlobalSection(ProjectConfigurationPlatforms) = postSolution
		{A9732BA2-AF38-4424-92F8-1B8ED4A23D36}.Debug|Any CPU.ActiveCfg = Debug|Any CPU
		{A9732BA2-AF38-4424-92F8-1B8ED4A23D36}.Debug|Any CPU.Build.0 = Debug|Any CPU
		{A9732BA2-AF38-4424-92F8-1B8ED4A23D36}.Release|Any CPU.ActiveCfg = Release|Any CPU
		{A9732BA2-AF38-4424-92F8-1B8ED4A23D36}.Release|Any CPU.Build.0 = Release|Any CPU
		{30C0E8F0-3D61-4EDC-8C2C-64CAA0BBAFEF}.Debug|Any CPU.ActiveCfg = Debug|Any CPU
		{30C0E8F0-3D61-4EDC-8C2C-64CAA0BBAFEF}.Debug|Any CPU.Build.0 = Debug|Any CPU
		{30C0E8F0-3D61-4EDC-8C2C-64CAA0BBAFEF}.Release|Any CPU.ActiveCfg = Release|Any CPU
		{30C0E8F0-3D61-4EDC-8C2C-64CAA0BBAFEF}.Release|Any CPU.Build.0 = Release|Any CPU
		{6830C976-60B9-4641-AC98-4779C581DCE6}.Debug|Any CPU.ActiveCfg = Debug|Any CPU
		{6830C976-60B9-4641-AC98-4779C581DCE6}.Debug|Any CPU.Build.0 = Debug|Any CPU
		{6830C976-60B9-4641-AC98-4779C581DCE6}.Release|Any CPU.ActiveCfg = Release|Any CPU
		{6830C976-60B9-4641-AC98-4779C581DCE6}.Release|Any CPU.Build.0 = Release|Any CPU
		{C46D4F23-90C8-41B4-87FB-3276E66B0F3B}.Debug|Any CPU.ActiveCfg = Debug|Any CPU
		{C46D4F23-90C8-41B4-87FB-3276E66B0F3B}.Debug|Any CPU.Build.0 = Debug|Any CPU
		{C46D4F23-90C8-41B4-87FB-3276E66B0F3B}.Release|Any CPU.ActiveCfg = Release|Any CPU
		{C46D4F23-90C8-41B4-87FB-3276E66B0F3B}.Release|Any CPU.Build.0 = Release|Any CPU
		{875743CC-DA93-4140-985C-095DA7CCFF81}.Debug|Any CPU.ActiveCfg = Debug|Any CPU
		{875743CC-DA93-4140-985C-095DA7CCFF81}.Debug|Any CPU.Build.0 = Debug|Any CPU
		{875743CC-DA93-4140-985C-095DA7CCFF81}.Release|Any CPU.ActiveCfg = Release|Any CPU
		{875743CC-DA93-4140-985C-095DA7CCFF81}.Release|Any CPU.Build.0 = Release|Any CPU
	EndGlobalSection
	GlobalSection(SolutionProperties) = preSolution
		HideSolutionNode = FALSE
	EndGlobalSection
	GlobalSection(ExtensibilityGlobals) = postSolution
		SolutionGuid = {7404E8ED-D861-4275-9BED-BE00E6024626}
	EndGlobalSection
EndGlobal
