
Microsoft Visual Studio Solution File, Format Version 12.00
# Visual Studio Version 16
VisualStudioVersion = 16.0.31729.503
MinimumVisualStudioVersion = 10.0.40219.1
Project("{FAE04EC0-301F-11D3-BF4B-00C04F79EFBC}") = "01_Arrays", "01_Arrays\01_Arrays.csproj", "{375A4120-5A91-4607-94D7-AABB9454017A}"
EndProject
Project("{FAE04EC0-301F-11D3-BF4B-00C04F79EFBC}") = "02_TwoDimensional", "02_TwoDimensional\02_TwoDimensional.csproj", "{B8748EBD-C7A8-42F8-BEB7-6672EB1E1728}"
EndProject
Project("{FAE04EC0-301F-11D3-BF4B-00C04F79EFBC}") = "03_ArrayMultiDim", "03_ArrayMultiDim\03_ArrayMultiDim.csproj", "{8F7BA422-919E-4B7B-AE93-C6B3B8420065}"
EndProject
Global
	GlobalSection(SolutionConfigurationPlatforms) = preSolution
		Debug|Any CPU = Debug|Any CPU
		Release|Any CPU = Release|Any CPU
	EndGlobalSection
	GlobalSection(ProjectConfigurationPlatforms) = postSolution
		{375A4120-5A91-4607-94D7-AABB9454017A}.Debug|Any CPU.ActiveCfg = Debug|Any CPU
		{375A4120-5A91-4607-94D7-AABB9454017A}.Debug|Any CPU.Build.0 = Debug|Any CPU
		{375A4120-5A91-4607-94D7-AABB9454017A}.Release|Any CPU.ActiveCfg = Release|Any CPU
		{375A4120-5A91-4607-94D7-AABB9454017A}.Release|Any CPU.Build.0 = Release|Any CPU
		{B8748EBD-C7A8-42F8-BEB7-6672EB1E1728}.Debug|Any CPU.ActiveCfg = Debug|Any CPU
		{B8748EBD-C7A8-42F8-BEB7-6672EB1E1728}.Debug|Any CPU.Build.0 = Debug|Any CPU
		{B8748EBD-C7A8-42F8-BEB7-6672EB1E1728}.Release|Any CPU.ActiveCfg = Release|Any CPU
		{B8748EBD-C7A8-42F8-BEB7-6672EB1E1728}.Release|Any CPU.Build.0 = Release|Any CPU
		{8F7BA422-919E-4B7B-AE93-C6B3B8420065}.Debug|Any CPU.ActiveCfg = Debug|Any CPU
		{8F7BA422-919E-4B7B-AE93-C6B3B8420065}.Debug|Any CPU.Build.0 = Debug|Any CPU
		{8F7BA422-919E-4B7B-AE93-C6B3B8420065}.Release|Any CPU.ActiveCfg = Release|Any CPU
		{8F7BA422-919E-4B7B-AE93-C6B3B8420065}.Release|Any CPU.Build.0 = Release|Any CPU
	EndGlobalSection
	GlobalSection(SolutionProperties) = preSolution
		HideSolutionNode = FALSE
	EndGlobalSection
	GlobalSection(ExtensibilityGlobals) = postSolution
		SolutionGuid = {EF8DC537-5582-4EFA-A098-58DB3D98724B}
	EndGlobalSection
EndGlobal
