
Microsoft Visual Studio Solution File, Format Version 12.00
# Visual Studio Version 16
VisualStudioVersion = 16.0.31729.503
MinimumVisualStudioVersion = 10.0.40219.1
Project("{FAE04EC0-301F-11D3-BF4B-00C04F79EFBC}") = "01_Indexers", "01_Indexers\01_Indexers.csproj", "{2C7849D6-96EB-4E5C-8ED4-198EA102D063}"
EndProject
Project("{FAE04EC0-301F-11D3-BF4B-00C04F79EFBC}") = "02_Indexers", "02_Indexers\02_Indexers.csproj", "{F9470C5A-B634-455C-83E9-DB28F7D57CF3}"
EndProject
Project("{FAE04EC0-301F-11D3-BF4B-00C04F79EFBC}") = "03_Indexers", "03_Indexers\03_Indexers.csproj", "{BE9984F3-FFCC-4F28-8B01-0A2B23986164}"
EndProject
Project("{FAE04EC0-301F-11D3-BF4B-00C04F79EFBC}") = "04_Indexers", "04_Indexers\04_Indexers.csproj", "{3F5412F6-9CB1-4441-92D4-9175776536FD}"
EndProject
Project("{FAE04EC0-301F-11D3-BF4B-00C04F79EFBC}") = "05_Indexers", "05_Indexers\05_Indexers.csproj", "{1FA0AE2D-DC23-4AD8-B574-52B2740E6CED}"
EndProject
Global
	GlobalSection(SolutionConfigurationPlatforms) = preSolution
		Debug|Any CPU = Debug|Any CPU
		Release|Any CPU = Release|Any CPU
	EndGlobalSection
	GlobalSection(ProjectConfigurationPlatforms) = postSolution
		{2C7849D6-96EB-4E5C-8ED4-198EA102D063}.Debug|Any CPU.ActiveCfg = Debug|Any CPU
		{2C7849D6-96EB-4E5C-8ED4-198EA102D063}.Debug|Any CPU.Build.0 = Debug|Any CPU
		{2C7849D6-96EB-4E5C-8ED4-198EA102D063}.Release|Any CPU.ActiveCfg = Release|Any CPU
		{2C7849D6-96EB-4E5C-8ED4-198EA102D063}.Release|Any CPU.Build.0 = Release|Any CPU
		{F9470C5A-B634-455C-83E9-DB28F7D57CF3}.Debug|Any CPU.ActiveCfg = Debug|Any CPU
		{F9470C5A-B634-455C-83E9-DB28F7D57CF3}.Debug|Any CPU.Build.0 = Debug|Any CPU
		{F9470C5A-B634-455C-83E9-DB28F7D57CF3}.Release|Any CPU.ActiveCfg = Release|Any CPU
		{F9470C5A-B634-455C-83E9-DB28F7D57CF3}.Release|Any CPU.Build.0 = Release|Any CPU
		{BE9984F3-FFCC-4F28-8B01-0A2B23986164}.Debug|Any CPU.ActiveCfg = Debug|Any CPU
		{BE9984F3-FFCC-4F28-8B01-0A2B23986164}.Debug|Any CPU.Build.0 = Debug|Any CPU
		{BE9984F3-FFCC-4F28-8B01-0A2B23986164}.Release|Any CPU.ActiveCfg = Release|Any CPU
		{BE9984F3-FFCC-4F28-8B01-0A2B23986164}.Release|Any CPU.Build.0 = Release|Any CPU
		{3F5412F6-9CB1-4441-92D4-9175776536FD}.Debug|Any CPU.ActiveCfg = Debug|Any CPU
		{3F5412F6-9CB1-4441-92D4-9175776536FD}.Debug|Any CPU.Build.0 = Debug|Any CPU
		{3F5412F6-9CB1-4441-92D4-9175776536FD}.Release|Any CPU.ActiveCfg = Release|Any CPU
		{3F5412F6-9CB1-4441-92D4-9175776536FD}.Release|Any CPU.Build.0 = Release|Any CPU
		{1FA0AE2D-DC23-4AD8-B574-52B2740E6CED}.Debug|Any CPU.ActiveCfg = Debug|Any CPU
		{1FA0AE2D-DC23-4AD8-B574-52B2740E6CED}.Debug|Any CPU.Build.0 = Debug|Any CPU
		{1FA0AE2D-DC23-4AD8-B574-52B2740E6CED}.Release|Any CPU.ActiveCfg = Release|Any CPU
		{1FA0AE2D-DC23-4AD8-B574-52B2740E6CED}.Release|Any CPU.Build.0 = Release|Any CPU
	EndGlobalSection
	GlobalSection(SolutionProperties) = preSolution
		HideSolutionNode = FALSE
	EndGlobalSection
	GlobalSection(ExtensibilityGlobals) = postSolution
		SolutionGuid = {3D5C6181-5EEE-4783-8CDB-ED0A122C23F9}
	EndGlobalSection
EndGlobal
