
Microsoft Visual Studio Solution File, Format Version 12.00
# Visual Studio Version 16
VisualStudioVersion = 16.0.31729.503
MinimumVisualStudioVersion = 10.0.40219.1
Project("{FAE04EC0-301F-11D3-BF4B-00C04F79EFBC}") = "PartialClasses", "PartialClasses\PartialClasses.csproj", "{54C41630-C565-4511-B568-C7FFD63B9598}"
EndProject
Project("{FAE04EC0-301F-11D3-BF4B-00C04F79EFBC}") = "PartialMethods", "PartialMethods\PartialMethods.csproj", "{976B8900-F384-4169-83C5-0A593035851B}"
EndProject
Project("{FAE04EC0-301F-11D3-BF4B-00C04F79EFBC}") = "Encapsulation", "Encapsulation\Encapsulation.csproj", "{19489B0D-A2F9-4454-87E9-F4218058DA69}"
EndProject
Project("{FAE04EC0-301F-11D3-BF4B-00C04F79EFBC}") = "Readonly", "Readonly\Readonly.csproj", "{E7A716FC-19D0-48BE-A1B9-02D7EDB5841D}"
EndProject
Project("{FAE04EC0-301F-11D3-BF4B-00C04F79EFBC}") = "SelfAssociation", "SelfAssociation\SelfAssociation.csproj", "{E0FE3147-5586-41B0-A573-75434A1C91D7}"
EndProject
Project("{FAE04EC0-301F-11D3-BF4B-00C04F79EFBC}") = "SelfAssociation_02", "SelfAssociation_02\SelfAssociation_02.csproj", "{69C01B7E-C8D6-450C-BE2E-90BB3DBB155B}"
EndProject
Global
	GlobalSection(SolutionConfigurationPlatforms) = preSolution
		Debug|Any CPU = Debug|Any CPU
		Release|Any CPU = Release|Any CPU
	EndGlobalSection
	GlobalSection(ProjectConfigurationPlatforms) = postSolution
		{54C41630-C565-4511-B568-C7FFD63B9598}.Debug|Any CPU.ActiveCfg = Debug|Any CPU
		{54C41630-C565-4511-B568-C7FFD63B9598}.Debug|Any CPU.Build.0 = Debug|Any CPU
		{54C41630-C565-4511-B568-C7FFD63B9598}.Release|Any CPU.ActiveCfg = Release|Any CPU
		{54C41630-C565-4511-B568-C7FFD63B9598}.Release|Any CPU.Build.0 = Release|Any CPU
		{976B8900-F384-4169-83C5-0A593035851B}.Debug|Any CPU.ActiveCfg = Debug|Any CPU
		{976B8900-F384-4169-83C5-0A593035851B}.Debug|Any CPU.Build.0 = Debug|Any CPU
		{976B8900-F384-4169-83C5-0A593035851B}.Release|Any CPU.ActiveCfg = Release|Any CPU
		{976B8900-F384-4169-83C5-0A593035851B}.Release|Any CPU.Build.0 = Release|Any CPU
		{19489B0D-A2F9-4454-87E9-F4218058DA69}.Debug|Any CPU.ActiveCfg = Debug|Any CPU
		{19489B0D-A2F9-4454-87E9-F4218058DA69}.Debug|Any CPU.Build.0 = Debug|Any CPU
		{19489B0D-A2F9-4454-87E9-F4218058DA69}.Release|Any CPU.ActiveCfg = Release|Any CPU
		{19489B0D-A2F9-4454-87E9-F4218058DA69}.Release|Any CPU.Build.0 = Release|Any CPU
		{E7A716FC-19D0-48BE-A1B9-02D7EDB5841D}.Debug|Any CPU.ActiveCfg = Debug|Any CPU
		{E7A716FC-19D0-48BE-A1B9-02D7EDB5841D}.Debug|Any CPU.Build.0 = Debug|Any CPU
		{E7A716FC-19D0-48BE-A1B9-02D7EDB5841D}.Release|Any CPU.ActiveCfg = Release|Any CPU
		{E7A716FC-19D0-48BE-A1B9-02D7EDB5841D}.Release|Any CPU.Build.0 = Release|Any CPU
		{E0FE3147-5586-41B0-A573-75434A1C91D7}.Debug|Any CPU.ActiveCfg = Debug|Any CPU
		{E0FE3147-5586-41B0-A573-75434A1C91D7}.Debug|Any CPU.Build.0 = Debug|Any CPU
		{E0FE3147-5586-41B0-A573-75434A1C91D7}.Release|Any CPU.ActiveCfg = Release|Any CPU
		{E0FE3147-5586-41B0-A573-75434A1C91D7}.Release|Any CPU.Build.0 = Release|Any CPU
		{69C01B7E-C8D6-450C-BE2E-90BB3DBB155B}.Debug|Any CPU.ActiveCfg = Debug|Any CPU
		{69C01B7E-C8D6-450C-BE2E-90BB3DBB155B}.Debug|Any CPU.Build.0 = Debug|Any CPU
		{69C01B7E-C8D6-450C-BE2E-90BB3DBB155B}.Release|Any CPU.ActiveCfg = Release|Any CPU
		{69C01B7E-C8D6-450C-BE2E-90BB3DBB155B}.Release|Any CPU.Build.0 = Release|Any CPU
	EndGlobalSection
	GlobalSection(SolutionProperties) = preSolution
		HideSolutionNode = FALSE
	EndGlobalSection
	GlobalSection(ExtensibilityGlobals) = postSolution
		SolutionGuid = {FF915373-7325-4402-AED4-4015EA83C113}
	EndGlobalSection
EndGlobal
