
Microsoft Visual Studio Solution File, Format Version 12.00
# Visual Studio Version 16
VisualStudioVersion = 16.0.31729.503
MinimumVisualStudioVersion = 10.0.40219.1
Project("{FAE04EC0-301F-11D3-BF4B-00C04F79EFBC}") = "Dictionary", "Dictionary\Dictionary.csproj", "{4EFF4A5C-61AC-4DCD-97C8-CE9069889331}"
EndProject
Global
	GlobalSection(SolutionConfigurationPlatforms) = preSolution
		Debug|Any CPU = Debug|Any CPU
		Release|Any CPU = Release|Any CPU
	EndGlobalSection
	GlobalSection(ProjectConfigurationPlatforms) = postSolution
		{4EFF4A5C-61AC-4DCD-97C8-CE9069889331}.Debug|Any CPU.ActiveCfg = Debug|Any CPU
		{4EFF4A5C-61AC-4DCD-97C8-CE9069889331}.Debug|Any CPU.Build.0 = Debug|Any CPU
		{4EFF4A5C-61AC-4DCD-97C8-CE9069889331}.Release|Any CPU.ActiveCfg = Release|Any CPU
		{4EFF4A5C-61AC-4DCD-97C8-CE9069889331}.Release|Any CPU.Build.0 = Release|Any CPU
	EndGlobalSection
	GlobalSection(SolutionProperties) = preSolution
		HideSolutionNode = FALSE
	EndGlobalSection
	GlobalSection(ExtensibilityGlobals) = postSolution
		SolutionGuid = {263D301E-D498-4439-93B6-3A9D9C127B37}
	EndGlobalSection
EndGlobal
