
Microsoft Visual Studio Solution File, Format Version 12.00
# Visual Studio Version 16
VisualStudioVersion = 16.0.31729.503
MinimumVisualStudioVersion = 10.0.40219.1
Project("{FAE04EC0-301F-11D3-BF4B-00C04F79EFBC}") = "01_Abstraction", "01_Abstraction\01_Abstraction.csproj", "{BD837032-5FE5-4468-A272-C56E6D0EC5A6}"
EndProject
Project("{FAE04EC0-301F-11D3-BF4B-00C04F79EFBC}") = "02_Abstraction", "02_Abstraction\02_Abstraction.csproj", "{6FC8B520-81FC-4A0D-A1A4-ED193BB458C0}"
EndProject
Global
	GlobalSection(SolutionConfigurationPlatforms) = preSolution
		Debug|Any CPU = Debug|Any CPU
		Release|Any CPU = Release|Any CPU
	EndGlobalSection
	GlobalSection(ProjectConfigurationPlatforms) = postSolution
		{BD837032-5FE5-4468-A272-C56E6D0EC5A6}.Debug|Any CPU.ActiveCfg = Debug|Any CPU
		{BD837032-5FE5-4468-A272-C56E6D0EC5A6}.Debug|Any CPU.Build.0 = Debug|Any CPU
		{BD837032-5FE5-4468-A272-C56E6D0EC5A6}.Release|Any CPU.ActiveCfg = Release|Any CPU
		{BD837032-5FE5-4468-A272-C56E6D0EC5A6}.Release|Any CPU.Build.0 = Release|Any CPU
		{6FC8B520-81FC-4A0D-A1A4-ED193BB458C0}.Debug|Any CPU.ActiveCfg = Debug|Any CPU
		{6FC8B520-81FC-4A0D-A1A4-ED193BB458C0}.Debug|Any CPU.Build.0 = Debug|Any CPU
		{6FC8B520-81FC-4A0D-A1A4-ED193BB458C0}.Release|Any CPU.ActiveCfg = Release|Any CPU
		{6FC8B520-81FC-4A0D-A1A4-ED193BB458C0}.Release|Any CPU.Build.0 = Release|Any CPU
	EndGlobalSection
	GlobalSection(SolutionProperties) = preSolution
		HideSolutionNode = FALSE
	EndGlobalSection
	GlobalSection(ExtensibilityGlobals) = postSolution
		SolutionGuid = {FAD8D4F6-FA28-48B0-B2CB-FB45CECE06FA}
	EndGlobalSection
EndGlobal
