
Microsoft Visual Studio Solution File, Format Version 12.00
# Visual Studio Version 16
VisualStudioVersion = 16.0.31729.503
MinimumVisualStudioVersion = 10.0.40219.1
Project("{FAE04EC0-301F-11D3-BF4B-00C04F79EFBC}") = "01_Abstraction", "01_Abstraction\01_Abstraction.csproj", "{BD837032-5FE5-4468-A272-C56E6D0EC5A6}"
EndProject
Project("{FAE04EC0-301F-11D3-BF4B-00C04F79EFBC}") = "02_Abstraction", "02_Abstraction\02_Abstraction.csproj", "{ECAB53B2-E3D6-458E-905F-58C94AE71DD4}"
EndProject
Project("{FAE04EC0-301F-11D3-BF4B-00C04F79EFBC}") = "03_Abstraction", "03_Abstraction\03_Abstraction.csproj", "{DD1749FF-FB51-445E-BDE9-F0AD6707C36D}"
EndProject
Project("{FAE04EC0-301F-11D3-BF4B-00C04F79EFBC}") = "04_Abstraction", "04_Abstraction\04_Abstraction.csproj", "{239532C8-8C33-4935-852B-14CA01519932}"
EndProject
Global
	GlobalSection(SolutionConfigurationPlatforms) = preSolution
		Debug|Any CPU = Debug|Any CPU
		Release|Any CPU = Release|Any CPU
	EndGlobalSection
	GlobalSection(ProjectConfigurationPlatforms) = postSolution
		{BD837032-5FE5-4468-A272-C56E6D0EC5A6}.Debug|Any CPU.ActiveCfg = Debug|Any CPU
		{BD837032-5FE5-4468-A272-C56E6D0EC5A6}.Debug|Any CPU.Build.0 = Debug|Any CPU
		{BD837032-5FE5-4468-A272-C56E6D0EC5A6}.Release|Any CPU.ActiveCfg = Release|Any CPU
		{BD837032-5FE5-4468-A272-C56E6D0EC5A6}.Release|Any CPU.Build.0 = Release|Any CPU
		{ECAB53B2-E3D6-458E-905F-58C94AE71DD4}.Debug|Any CPU.ActiveCfg = Debug|Any CPU
		{ECAB53B2-E3D6-458E-905F-58C94AE71DD4}.Debug|Any CPU.Build.0 = Debug|Any CPU
		{ECAB53B2-E3D6-458E-905F-58C94AE71DD4}.Release|Any CPU.ActiveCfg = Release|Any CPU
		{ECAB53B2-E3D6-458E-905F-58C94AE71DD4}.Release|Any CPU.Build.0 = Release|Any CPU
		{DD1749FF-FB51-445E-BDE9-F0AD6707C36D}.Debug|Any CPU.ActiveCfg = Debug|Any CPU
		{DD1749FF-FB51-445E-BDE9-F0AD6707C36D}.Debug|Any CPU.Build.0 = Debug|Any CPU
		{DD1749FF-FB51-445E-BDE9-F0AD6707C36D}.Release|Any CPU.ActiveCfg = Release|Any CPU
		{DD1749FF-FB51-445E-BDE9-F0AD6707C36D}.Release|Any CPU.Build.0 = Release|Any CPU
		{239532C8-8C33-4935-852B-14CA01519932}.Debug|Any CPU.ActiveCfg = Debug|Any CPU
		{239532C8-8C33-4935-852B-14CA01519932}.Debug|Any CPU.Build.0 = Debug|Any CPU
		{239532C8-8C33-4935-852B-14CA01519932}.Release|Any CPU.ActiveCfg = Release|Any CPU
		{239532C8-8C33-4935-852B-14CA01519932}.Release|Any CPU.Build.0 = Release|Any CPU
	EndGlobalSection
	GlobalSection(SolutionProperties) = preSolution
		HideSolutionNode = FALSE
	EndGlobalSection
	GlobalSection(ExtensibilityGlobals) = postSolution
		SolutionGuid = {FAD8D4F6-FA28-48B0-B2CB-FB45CECE06FA}
	EndGlobalSection
EndGlobal
